
Microsoft Visual Studio Solution File, Format Version 12.00
# Visual Studio 2012
Project("{FAE04EC0-301F-11D3-BF4B-00C04F79EFBC}") = "CrassInterface", "CrassInterface\CrassInterface.csproj", "{FE329312-DC12-43FB-BD25-972F8B40E541}"
EndProject
Project("{FAE04EC0-301F-11D3-BF4B-00C04F79EFBC}") = "CryptoAssessment", "CryptoAssessment\CryptoAssessment.csproj", "{1EA3CF26-DD9E-4634-9165-724EF0B1BECE}"
EndProject
Project("{FAE04EC0-301F-11D3-BF4B-00C04F79EFBC}") = "UnitTests", "UnitTests\UnitTests.csproj", "{C888E4E5-3E81-47C9-93D3-A1BF70323164}"
EndProject
Global
	GlobalSection(SolutionConfigurationPlatforms) = preSolution
		Debug|Any CPU = Debug|Any CPU
		Release|Any CPU = Release|Any CPU
	EndGlobalSection
	GlobalSection(ProjectConfigurationPlatforms) = postSolution
		{FE329312-DC12-43FB-BD25-972F8B40E541}.Debug|Any CPU.ActiveCfg = Debug|Any CPU
		{FE329312-DC12-43FB-BD25-972F8B40E541}.Debug|Any CPU.Build.0 = Debug|Any CPU
		{FE329312-DC12-43FB-BD25-972F8B40E541}.Release|Any CPU.ActiveCfg = Release|Any CPU
		{FE329312-DC12-43FB-BD25-972F8B40E541}.Release|Any CPU.Build.0 = Release|Any CPU
		{1EA3CF26-DD9E-4634-9165-724EF0B1BECE}.Debug|Any CPU.ActiveCfg = Debug|Any CPU
		{1EA3CF26-DD9E-4634-9165-724EF0B1BECE}.Debug|Any CPU.Build.0 = Debug|Any CPU
		{1EA3CF26-DD9E-4634-9165-724EF0B1BECE}.Release|Any CPU.ActiveCfg = Release|Any CPU
		{1EA3CF26-DD9E-4634-9165-724EF0B1BECE}.Release|Any CPU.Build.0 = Release|Any CPU
		{C888E4E5-3E81-47C9-93D3-A1BF70323164}.Debug|Any CPU.ActiveCfg = Debug|Any CPU
		{C888E4E5-3E81-47C9-93D3-A1BF70323164}.Debug|Any CPU.Build.0 = Debug|Any CPU
		{C888E4E5-3E81-47C9-93D3-A1BF70323164}.Release|Any CPU.ActiveCfg = Release|Any CPU
		{C888E4E5-3E81-47C9-93D3-A1BF70323164}.Release|Any CPU.Build.0 = Release|Any CPU
	EndGlobalSection
	GlobalSection(SolutionProperties) = preSolution
		HideSolutionNode = FALSE
	EndGlobalSection
EndGlobal
